
Microsoft Visual Studio Solution File, Format Version 12.00
# Visual Studio Version 16
VisualStudioVersion = 16.0.30523.141
MinimumVisualStudioVersion = 10.0.40219.1
Project("{8BC9CEB8-8B4A-11D0-8D11-00A0C91BC942}") = "Lab01.MyFistProg", "Lab01.HelloWorld\Lab01.HelloWorld.vcxproj", "{54F61021-C570-4B60-9032-8203D26E649A}"
EndProject
Project("{8BC9CEB8-8B4A-11D0-8D11-00A0C91BC942}") = "Lab01.Gauss", "Lab01.Gauss\Lab01.Gauss.vcxproj", "{79EEEDF8-576B-41ED-90EC-A9982443366E}"
EndProject
Project("{8BC9CEB8-8B4A-11D0-8D11-00A0C91BC942}") = "Lab02.MamagerOperator", "Lab02.MamagerOperator\Lab02.MamagerOperator.vcxproj", "{BB07E2CE-B530-45D7-9DA6-97E5429248DA}"
EndProject
Project("{8BC9CEB8-8B4A-11D0-8D11-00A0C91BC942}") = "Lab03.MyFunction", "Lab03.MyFunction\Lab03.MyFunction.vcxproj", "{4C139586-3D71-41A2-8130-2ED4092C12DA}"
EndProject
Project("{8BC9CEB8-8B4A-11D0-8D11-00A0C91BC942}") = "Lab04.PointersAndLinks", "Lab04.PointersAndLinks\Lab04.PointersAndLinks.vcxproj", "{99DC1CDE-02FA-4D87-9814-8E7D91ABE3C3}"
EndProject
Project("{8BC9CEB8-8B4A-11D0-8D11-00A0C91BC942}") = "Lab05.Array", "Lab05.Array\Lab05.Array.vcxproj", "{2ABF0F33-4203-40A5-B845-B8EFEB51F403}"
EndProject
Project("{8BC9CEB8-8B4A-11D0-8D11-00A0C91BC942}") = "Lab06.FileWork", "Lab06.FileWork\Lab06.FileWork.vcxproj", "{C6402F71-8AA3-4EDB-9097-C396EAFB7905}"
EndProject
Project("{8BC9CEB8-8B4A-11D0-8D11-00A0C91BC942}") = "Lab07.StructWork", "Lab07.StructWork\Lab07.StructWork.vcxproj", "{9F8C52F4-B68C-458D-8304-894C8F435E87}"
EndProject
Project("{8BC9CEB8-8B4A-11D0-8D11-00A0C91BC942}") = "Lab08.ClassWork", "Lab08.ClassWork\Lab08.ClassWork.vcxproj", "{239652FB-BA6F-4AFC-850F-9FAC382117F1}"
EndProject
Project("{8BC9CEB8-8B4A-11D0-8D11-00A0C91BC942}") = "Lab09.ExceptionWork", "Lab09.ExceptionWork\Lab09.ExceptionWork.vcxproj", "{989F05BE-540F-4D3D-B2BB-9D5BF8834A27}"
EndProject
Project("{8BC9CEB8-8B4A-11D0-8D11-00A0C91BC942}") = "Lab10.RelationClass", "Lab10.RelationClass\Lab10.RelationClass.vcxproj", "{8D7C36E6-217D-46EF-8A99-3A276537CEDB}"
EndProject
Project("{8BC9CEB8-8B4A-11D0-8D11-00A0C91BC942}") = "Lab11.OverloadingOperations", "Lab11.OverloadingOperations\Lab11.OverloadingOperations.vcxproj", "{0EB9C99C-B514-4107-8F95-BA1389D6C03C}"
EndProject
Project("{8BC9CEB8-8B4A-11D0-8D11-00A0C91BC942}") = "Lab12.InheritanceWork", "Lab12.InheritanceWork\Lab12.InheritanceWork.vcxproj", "{3929E7EA-8290-4272-8DBA-B3D36341B938}"
EndProject
Project("{8BC9CEB8-8B4A-11D0-8D11-00A0C91BC942}") = "Lab13.Polymorphism", "Lab13.Polymorphism\Lab13.Polymorphism.vcxproj", "{09095C27-518F-4D98-A7CA-F78D2091CC6D}"
EndProject
Global
	GlobalSection(SolutionConfigurationPlatforms) = preSolution
		Debug|x64 = Debug|x64
		Debug|x86 = Debug|x86
		Release|x64 = Release|x64
		Release|x86 = Release|x86
	EndGlobalSection
	GlobalSection(ProjectConfigurationPlatforms) = postSolution
		{54F61021-C570-4B60-9032-8203D26E649A}.Debug|x64.ActiveCfg = Debug|x64
		{54F61021-C570-4B60-9032-8203D26E649A}.Debug|x64.Build.0 = Debug|x64
		{54F61021-C570-4B60-9032-8203D26E649A}.Debug|x86.ActiveCfg = Debug|Win32
		{54F61021-C570-4B60-9032-8203D26E649A}.Debug|x86.Build.0 = Debug|Win32
		{54F61021-C570-4B60-9032-8203D26E649A}.Release|x64.ActiveCfg = Release|x64
		{54F61021-C570-4B60-9032-8203D26E649A}.Release|x64.Build.0 = Release|x64
		{54F61021-C570-4B60-9032-8203D26E649A}.Release|x86.ActiveCfg = Release|Win32
		{54F61021-C570-4B60-9032-8203D26E649A}.Release|x86.Build.0 = Release|Win32
		{79EEEDF8-576B-41ED-90EC-A9982443366E}.Debug|x64.ActiveCfg = Debug|x64
		{79EEEDF8-576B-41ED-90EC-A9982443366E}.Debug|x64.Build.0 = Debug|x64
		{79EEEDF8-576B-41ED-90EC-A9982443366E}.Debug|x86.ActiveCfg = Debug|Win32
		{79EEEDF8-576B-41ED-90EC-A9982443366E}.Debug|x86.Build.0 = Debug|Win32
		{79EEEDF8-576B-41ED-90EC-A9982443366E}.Release|x64.ActiveCfg = Release|x64
		{79EEEDF8-576B-41ED-90EC-A9982443366E}.Release|x64.Build.0 = Release|x64
		{79EEEDF8-576B-41ED-90EC-A9982443366E}.Release|x86.ActiveCfg = Release|Win32
		{79EEEDF8-576B-41ED-90EC-A9982443366E}.Release|x86.Build.0 = Release|Win32
		{BB07E2CE-B530-45D7-9DA6-97E5429248DA}.Debug|x64.ActiveCfg = Debug|x64
		{BB07E2CE-B530-45D7-9DA6-97E5429248DA}.Debug|x64.Build.0 = Debug|x64
		{BB07E2CE-B530-45D7-9DA6-97E5429248DA}.Debug|x86.ActiveCfg = Debug|Win32
		{BB07E2CE-B530-45D7-9DA6-97E5429248DA}.Debug|x86.Build.0 = Debug|Win32
		{BB07E2CE-B530-45D7-9DA6-97E5429248DA}.Release|x64.ActiveCfg = Release|x64
		{BB07E2CE-B530-45D7-9DA6-97E5429248DA}.Release|x64.Build.0 = Release|x64
		{BB07E2CE-B530-45D7-9DA6-97E5429248DA}.Release|x86.ActiveCfg = Release|Win32
		{BB07E2CE-B530-45D7-9DA6-97E5429248DA}.Release|x86.Build.0 = Release|Win32
		{4C139586-3D71-41A2-8130-2ED4092C12DA}.Debug|x64.ActiveCfg = Debug|x64
		{4C139586-3D71-41A2-8130-2ED4092C12DA}.Debug|x64.Build.0 = Debug|x64
		{4C139586-3D71-41A2-8130-2ED4092C12DA}.Debug|x86.ActiveCfg = Debug|Win32
		{4C139586-3D71-41A2-8130-2ED4092C12DA}.Debug|x86.Build.0 = Debug|Win32
		{4C139586-3D71-41A2-8130-2ED4092C12DA}.Release|x64.ActiveCfg = Release|x64
		{4C139586-3D71-41A2-8130-2ED4092C12DA}.Release|x64.Build.0 = Release|x64
		{4C139586-3D71-41A2-8130-2ED4092C12DA}.Release|x86.ActiveCfg = Release|Win32
		{4C139586-3D71-41A2-8130-2ED4092C12DA}.Release|x86.Build.0 = Release|Win32
		{99DC1CDE-02FA-4D87-9814-8E7D91ABE3C3}.Debug|x64.ActiveCfg = Debug|x64
		{99DC1CDE-02FA-4D87-9814-8E7D91ABE3C3}.Debug|x64.Build.0 = Debug|x64
		{99DC1CDE-02FA-4D87-9814-8E7D91ABE3C3}.Debug|x86.ActiveCfg = Debug|Win32
		{99DC1CDE-02FA-4D87-9814-8E7D91ABE3C3}.Debug|x86.Build.0 = Debug|Win32
		{99DC1CDE-02FA-4D87-9814-8E7D91ABE3C3}.Release|x64.ActiveCfg = Release|x64
		{99DC1CDE-02FA-4D87-9814-8E7D91ABE3C3}.Release|x64.Build.0 = Release|x64
		{99DC1CDE-02FA-4D87-9814-8E7D91ABE3C3}.Release|x86.ActiveCfg = Release|Win32
		{99DC1CDE-02FA-4D87-9814-8E7D91ABE3C3}.Release|x86.Build.0 = Release|Win32
		{2ABF0F33-4203-40A5-B845-B8EFEB51F403}.Debug|x64.ActiveCfg = Debug|x64
		{2ABF0F33-4203-40A5-B845-B8EFEB51F403}.Debug|x64.Build.0 = Debug|x64
		{2ABF0F33-4203-40A5-B845-B8EFEB51F403}.Debug|x86.ActiveCfg = Debug|Win32
		{2ABF0F33-4203-40A5-B845-B8EFEB51F403}.Debug|x86.Build.0 = Debug|Win32
		{2ABF0F33-4203-40A5-B845-B8EFEB51F403}.Release|x64.ActiveCfg = Release|x64
		{2ABF0F33-4203-40A5-B845-B8EFEB51F403}.Release|x64.Build.0 = Release|x64
		{2ABF0F33-4203-40A5-B845-B8EFEB51F403}.Release|x86.ActiveCfg = Release|Win32
		{2ABF0F33-4203-40A5-B845-B8EFEB51F403}.Release|x86.Build.0 = Release|Win32
		{C6402F71-8AA3-4EDB-9097-C396EAFB7905}.Debug|x64.ActiveCfg = Debug|x64
		{C6402F71-8AA3-4EDB-9097-C396EAFB7905}.Debug|x64.Build.0 = Debug|x64
		{C6402F71-8AA3-4EDB-9097-C396EAFB7905}.Debug|x86.ActiveCfg = Debug|Win32
		{C6402F71-8AA3-4EDB-9097-C396EAFB7905}.Debug|x86.Build.0 = Debug|Win32
		{C6402F71-8AA3-4EDB-9097-C396EAFB7905}.Release|x64.ActiveCfg = Release|x64
		{C6402F71-8AA3-4EDB-9097-C396EAFB7905}.Release|x64.Build.0 = Release|x64
		{C6402F71-8AA3-4EDB-9097-C396EAFB7905}.Release|x86.ActiveCfg = Release|Win32
		{C6402F71-8AA3-4EDB-9097-C396EAFB7905}.Release|x86.Build.0 = Release|Win32
		{9F8C52F4-B68C-458D-8304-894C8F435E87}.Debug|x64.ActiveCfg = Debug|x64
		{9F8C52F4-B68C-458D-8304-894C8F435E87}.Debug|x64.Build.0 = Debug|x64
		{9F8C52F4-B68C-458D-8304-894C8F435E87}.Debug|x86.ActiveCfg = Debug|Win32
		{9F8C52F4-B68C-458D-8304-894C8F435E87}.Debug|x86.Build.0 = Debug|Win32
		{9F8C52F4-B68C-458D-8304-894C8F435E87}.Release|x64.ActiveCfg = Release|x64
		{9F8C52F4-B68C-458D-8304-894C8F435E87}.Release|x64.Build.0 = Release|x64
		{9F8C52F4-B68C-458D-8304-894C8F435E87}.Release|x86.ActiveCfg = Release|Win32
		{9F8C52F4-B68C-458D-8304-894C8F435E87}.Release|x86.Build.0 = Release|Win32
		{239652FB-BA6F-4AFC-850F-9FAC382117F1}.Debug|x64.ActiveCfg = Debug|x64
		{239652FB-BA6F-4AFC-850F-9FAC382117F1}.Debug|x64.Build.0 = Debug|x64
		{239652FB-BA6F-4AFC-850F-9FAC382117F1}.Debug|x86.ActiveCfg = Debug|Win32
		{239652FB-BA6F-4AFC-850F-9FAC382117F1}.Debug|x86.Build.0 = Debug|Win32
		{239652FB-BA6F-4AFC-850F-9FAC382117F1}.Release|x64.ActiveCfg = Release|x64
		{239652FB-BA6F-4AFC-850F-9FAC382117F1}.Release|x64.Build.0 = Release|x64
		{239652FB-BA6F-4AFC-850F-9FAC382117F1}.Release|x86.ActiveCfg = Release|Win32
		{239652FB-BA6F-4AFC-850F-9FAC382117F1}.Release|x86.Build.0 = Release|Win32
		{989F05BE-540F-4D3D-B2BB-9D5BF8834A27}.Debug|x64.ActiveCfg = Debug|x64
		{989F05BE-540F-4D3D-B2BB-9D5BF8834A27}.Debug|x64.Build.0 = Debug|x64
		{989F05BE-540F-4D3D-B2BB-9D5BF8834A27}.Debug|x86.ActiveCfg = Debug|Win32
		{989F05BE-540F-4D3D-B2BB-9D5BF8834A27}.Debug|x86.Build.0 = Debug|Win32
		{989F05BE-540F-4D3D-B2BB-9D5BF8834A27}.Release|x64.ActiveCfg = Release|x64
		{989F05BE-540F-4D3D-B2BB-9D5BF8834A27}.Release|x64.Build.0 = Release|x64
		{989F05BE-540F-4D3D-B2BB-9D5BF8834A27}.Release|x86.ActiveCfg = Release|Win32
		{989F05BE-540F-4D3D-B2BB-9D5BF8834A27}.Release|x86.Build.0 = Release|Win32
		{8D7C36E6-217D-46EF-8A99-3A276537CEDB}.Debug|x64.ActiveCfg = Debug|x64
		{8D7C36E6-217D-46EF-8A99-3A276537CEDB}.Debug|x64.Build.0 = Debug|x64
		{8D7C36E6-217D-46EF-8A99-3A276537CEDB}.Debug|x86.ActiveCfg = Debug|Win32
		{8D7C36E6-217D-46EF-8A99-3A276537CEDB}.Debug|x86.Build.0 = Debug|Win32
		{8D7C36E6-217D-46EF-8A99-3A276537CEDB}.Release|x64.ActiveCfg = Release|x64
		{8D7C36E6-217D-46EF-8A99-3A276537CEDB}.Release|x64.Build.0 = Release|x64
		{8D7C36E6-217D-46EF-8A99-3A276537CEDB}.Release|x86.ActiveCfg = Release|Win32
		{8D7C36E6-217D-46EF-8A99-3A276537CEDB}.Release|x86.Build.0 = Release|Win32
		{0EB9C99C-B514-4107-8F95-BA1389D6C03C}.Debug|x64.ActiveCfg = Debug|x64
		{0EB9C99C-B514-4107-8F95-BA1389D6C03C}.Debug|x64.Build.0 = Debug|x64
		{0EB9C99C-B514-4107-8F95-BA1389D6C03C}.Debug|x86.ActiveCfg = Debug|Win32
		{0EB9C99C-B514-4107-8F95-BA1389D6C03C}.Debug|x86.Build.0 = Debug|Win32
		{0EB9C99C-B514-4107-8F95-BA1389D6C03C}.Release|x64.ActiveCfg = Release|x64
		{0EB9C99C-B514-4107-8F95-BA1389D6C03C}.Release|x64.Build.0 = Release|x64
		{0EB9C99C-B514-4107-8F95-BA1389D6C03C}.Release|x86.ActiveCfg = Release|Win32
		{0EB9C99C-B514-4107-8F95-BA1389D6C03C}.Release|x86.Build.0 = Release|Win32
		{3929E7EA-8290-4272-8DBA-B3D36341B938}.Debug|x64.ActiveCfg = Debug|x64
		{3929E7EA-8290-4272-8DBA-B3D36341B938}.Debug|x64.Build.0 = Debug|x64
		{3929E7EA-8290-4272-8DBA-B3D36341B938}.Debug|x86.ActiveCfg = Debug|Win32
		{3929E7EA-8290-4272-8DBA-B3D36341B938}.Debug|x86.Build.0 = Debug|Win32
		{3929E7EA-8290-4272-8DBA-B3D36341B938}.Release|x64.ActiveCfg = Release|x64
		{3929E7EA-8290-4272-8DBA-B3D36341B938}.Release|x64.Build.0 = Release|x64
		{3929E7EA-8290-4272-8DBA-B3D36341B938}.Release|x86.ActiveCfg = Release|Win32
		{3929E7EA-8290-4272-8DBA-B3D36341B938}.Release|x86.Build.0 = Release|Win32
		{09095C27-518F-4D98-A7CA-F78D2091CC6D}.Debug|x64.ActiveCfg = Debug|x64
		{09095C27-518F-4D98-A7CA-F78D2091CC6D}.Debug|x64.Build.0 = Debug|x64
		{09095C27-518F-4D98-A7CA-F78D2091CC6D}.Debug|x86.ActiveCfg = Debug|Win32
		{09095C27-518F-4D98-A7CA-F78D2091CC6D}.Debug|x86.Build.0 = Debug|Win32
		{09095C27-518F-4D98-A7CA-F78D2091CC6D}.Release|x64.ActiveCfg = Release|x64
		{09095C27-518F-4D98-A7CA-F78D2091CC6D}.Release|x64.Build.0 = Release|x64
		{09095C27-518F-4D98-A7CA-F78D2091CC6D}.Release|x86.ActiveCfg = Release|Win32
		{09095C27-518F-4D98-A7CA-F78D2091CC6D}.Release|x86.Build.0 = Release|Win32
	EndGlobalSection
	GlobalSection(SolutionProperties) = preSolution
		HideSolutionNode = FALSE
	EndGlobalSection
	GlobalSection(ExtensibilityGlobals) = postSolution
		SolutionGuid = {C3D6A2CD-12F4-4FEF-880B-B0F9F2D5AA1D}
	EndGlobalSection
EndGlobal
